
Microsoft Visual Studio Solution File, Format Version 12.00
Project("{FAE04EC0-301F-11D3-BF4B-00C04F79EFBC}") = "ReplayFileFormat", "ReplayFileFormat\ReplayFileFormat.csproj", "{D85D923B-2A9A-4C71-B491-A077412267CC}"
EndProject
Project("{FAE04EC0-301F-11D3-BF4B-00C04F79EFBC}") = "DBToggler.KKS", "DBToggler.KKS\DBToggler.KKS.csproj", "{EA7B96BE-3290-4497-BAA9-B9B80C68C9A8}"
EndProject
Project("{2150E333-8FDC-42A3-9474-1A3956D46DE8}") = "DBToggler", "DBToggler", "{2C38817E-8237-4271-93BF-E4A3F44E3C05}"
EndProject
Project("{D954291E-2A0B-460D-934E-DC6B0785DB48}") = "DBToggler.Core", "DBToggler\DBToggler.Core\DBToggler.Core.shproj", "{3D1FE101-9804-474D-9542-71B1AF72CC50}"
EndProject
Project("{2150E333-8FDC-42A3-9474-1A3956D46DE8}") = "LHC", "LHC", "{BB310E9F-41A3-4D71-BB2B-721FE37D333A}"
EndProject
Project("{D954291E-2A0B-460D-934E-DC6B0785DB48}") = "LHC.Core", "LHC.Core\LHC.Core.shproj", "{637035B0-9423-4C18-B6B5-5D68D4C2388F}"
EndProject
Project("{FAE04EC0-301F-11D3-BF4B-00C04F79EFBC}") = "LHC.KKS", "LHC.KKS\LHC.KKS.csproj", "{104379D4-EC00-4D0E-94B6-FF5C188DAE61}"
EndProject
Project("{FAE04EC0-301F-11D3-BF4B-00C04F79EFBC}") = "SmartRect", "SmartRect\SmartRect.csproj", "{1ED1725E-4E53-402E-AD34-40F5AC117A74}"
EndProject
Project("{FAE04EC0-301F-11D3-BF4B-00C04F79EFBC}") = "Autumn", "Autumn\Autumn.csproj", "{5B84EDD0-9D76-483D-AE36-007D7570A845}"
EndProject
Project("{FAE04EC0-301F-11D3-BF4B-00C04F79EFBC}") = "PrismaLib", "PrismaLib\PrismaLib.csproj", "{837A4F87-485D-4B70-8975-1561F9635DB4}"
EndProject
Project("{FAE04EC0-301F-11D3-BF4B-00C04F79EFBC}") = "NonKoiTests", "NonKoiTests\NonKoiTests.csproj", "{36DFBEE7-5201-4A67-A8A6-7E6C9698E863}"
EndProject
Project("{2150E333-8FDC-42A3-9474-1A3956D46DE8}") = "Thread", "Thread", "{5A9F5F7C-4BA0-46A5-8A2F-502304493311}"
EndProject
Project("{2150E333-8FDC-42A3-9474-1A3956D46DE8}") = "KoiUpdater", "KoiUpdater", "{5B96BAAB-F034-4336-986B-780DF73E66C4}"
EndProject
Project("{FAE04EC0-301F-11D3-BF4B-00C04F79EFBC}") = "KoiUpdater.KKS", "KoiUpdater.KKS\KoiUpdater.KKS.csproj", "{8572DF67-4322-4F9C-9C2A-1AF8FC36709C}"
EndProject
Project("{D954291E-2A0B-460D-934E-DC6B0785DB48}") = "KoiUpdater.Shared", "KoiUpdater.Shared\KoiUpdater.Shared.shproj", "{637025B0-9423-4C18-B6B5-5D68D4C2388F}"
EndProject
Global
	GlobalSection(SolutionConfigurationPlatforms) = preSolution
		Debug|Any CPU = Debug|Any CPU
		Release|Any CPU = Release|Any CPU
	EndGlobalSection
	GlobalSection(ProjectConfigurationPlatforms) = postSolution
		{D85D923B-2A9A-4C71-B491-A077412267CC}.Debug|Any CPU.ActiveCfg = Debug|Any CPU
		{D85D923B-2A9A-4C71-B491-A077412267CC}.Debug|Any CPU.Build.0 = Debug|Any CPU
		{D85D923B-2A9A-4C71-B491-A077412267CC}.Release|Any CPU.ActiveCfg = Release|Any CPU
		{D85D923B-2A9A-4C71-B491-A077412267CC}.Release|Any CPU.Build.0 = Release|Any CPU
		{EA7B96BE-3290-4497-BAA9-B9B80C68C9A8}.Debug|Any CPU.ActiveCfg = Debug|Any CPU
		{EA7B96BE-3290-4497-BAA9-B9B80C68C9A8}.Debug|Any CPU.Build.0 = Debug|Any CPU
		{EA7B96BE-3290-4497-BAA9-B9B80C68C9A8}.Release|Any CPU.ActiveCfg = Release|Any CPU
		{EA7B96BE-3290-4497-BAA9-B9B80C68C9A8}.Release|Any CPU.Build.0 = Release|Any CPU
		{104379D4-EC00-4D0E-94B6-FF5C188DAE61}.Debug|Any CPU.ActiveCfg = Debug|Any CPU
		{104379D4-EC00-4D0E-94B6-FF5C188DAE61}.Debug|Any CPU.Build.0 = Debug|Any CPU
		{104379D4-EC00-4D0E-94B6-FF5C188DAE61}.Release|Any CPU.ActiveCfg = Release|Any CPU
		{104379D4-EC00-4D0E-94B6-FF5C188DAE61}.Release|Any CPU.Build.0 = Release|Any CPU
		{1ED1725E-4E53-402E-AD34-40F5AC117A74}.Debug|Any CPU.ActiveCfg = Debug|Any CPU
		{1ED1725E-4E53-402E-AD34-40F5AC117A74}.Debug|Any CPU.Build.0 = Debug|Any CPU
		{1ED1725E-4E53-402E-AD34-40F5AC117A74}.Release|Any CPU.ActiveCfg = Release|Any CPU
		{1ED1725E-4E53-402E-AD34-40F5AC117A74}.Release|Any CPU.Build.0 = Release|Any CPU
		{5B84EDD0-9D76-483D-AE36-007D7570A845}.Debug|Any CPU.ActiveCfg = Debug|Any CPU
		{5B84EDD0-9D76-483D-AE36-007D7570A845}.Debug|Any CPU.Build.0 = Debug|Any CPU
		{5B84EDD0-9D76-483D-AE36-007D7570A845}.Release|Any CPU.ActiveCfg = Release|Any CPU
		{5B84EDD0-9D76-483D-AE36-007D7570A845}.Release|Any CPU.Build.0 = Release|Any CPU
		{837A4F87-485D-4B70-8975-1561F9635DB4}.Debug|Any CPU.ActiveCfg = Debug|Any CPU
		{837A4F87-485D-4B70-8975-1561F9635DB4}.Debug|Any CPU.Build.0 = Debug|Any CPU
		{837A4F87-485D-4B70-8975-1561F9635DB4}.Release|Any CPU.ActiveCfg = Release|Any CPU
		{837A4F87-485D-4B70-8975-1561F9635DB4}.Release|Any CPU.Build.0 = Release|Any CPU
		{36DFBEE7-5201-4A67-A8A6-7E6C9698E863}.Debug|Any CPU.ActiveCfg = Debug|Any CPU
		{36DFBEE7-5201-4A67-A8A6-7E6C9698E863}.Debug|Any CPU.Build.0 = Debug|Any CPU
		{36DFBEE7-5201-4A67-A8A6-7E6C9698E863}.Release|Any CPU.ActiveCfg = Release|Any CPU
		{36DFBEE7-5201-4A67-A8A6-7E6C9698E863}.Release|Any CPU.Build.0 = Release|Any CPU
		{8572DF67-4322-4F9C-9C2A-1AF8FC36709C}.Debug|Any CPU.ActiveCfg = Debug|Any CPU
		{8572DF67-4322-4F9C-9C2A-1AF8FC36709C}.Debug|Any CPU.Build.0 = Debug|Any CPU
		{8572DF67-4322-4F9C-9C2A-1AF8FC36709C}.Release|Any CPU.ActiveCfg = Release|Any CPU
		{8572DF67-4322-4F9C-9C2A-1AF8FC36709C}.Release|Any CPU.Build.0 = Release|Any CPU
	EndGlobalSection
	GlobalSection(NestedProjects) = preSolution
		{EA7B96BE-3290-4497-BAA9-B9B80C68C9A8} = {2C38817E-8237-4271-93BF-E4A3F44E3C05}
		{104379D4-EC00-4D0E-94B6-FF5C188DAE61} = {BB310E9F-41A3-4D71-BB2B-721FE37D333A}
		{8572DF67-4322-4F9C-9C2A-1AF8FC36709C} = {5B96BAAB-F034-4336-986B-780DF73E66C4}
		{3D1FE101-9804-474D-9542-71B1AF72CC50} = {2C38817E-8237-4271-93BF-E4A3F44E3C05}
		{637025B0-9423-4C18-B6B5-5D68D4C2388F} = {5B96BAAB-F034-4336-986B-780DF73E66C4}
	EndGlobalSection
EndGlobal
