
Microsoft Visual Studio Solution File, Format Version 12.00
Project("{2150E333-8FDC-42A3-9474-1A3956D46DE8}") = "PrismaLib", "PrismaLib", "{4A0355F5-BC12-4B92-9CF5-CD84F67FECDB}"
EndProject
Project("{D954291E-2A0B-460D-934E-DC6B0785DB48}") = "PrismaLib", "PrismaLib\PrismaLib.shproj", "{EA73DC3F-69F1-4C8A-9FEA-BFC71C0DFC96}"
EndProject
Project("{2150E333-8FDC-42A3-9474-1A3956D46DE8}") = "SmartRect", "SmartRect", "{287ACB5E-954A-496E-ADF6-A354ACAC98F5}"
EndProject
Project("{D954291E-2A0B-460D-934E-DC6B0785DB48}") = "SmartRect", "SmartRect\SmartRect.shproj", "{F71ED830-1CC2-4E69-AB86-F846EBC72B86}"
EndProject
Project("{FAE04EC0-301F-11D3-BF4B-00C04F79EFBC}") = "DBToggler.KKS", "DBToggler.KKS\DBToggler.KKS.csproj", "{EA7B96BE-3290-4497-BAA9-B9B80C68C9A8}"
EndProject
Project("{2150E333-8FDC-42A3-9474-1A3956D46DE8}") = "DBToggler", "DBToggler", "{2C38817E-8237-4271-93BF-E4A3F44E3C05}"
EndProject
Project("{D954291E-2A0B-460D-934E-DC6B0785DB48}") = "DBToggler.Core", "DBToggler\DBToggler.Core\DBToggler.Core.shproj", "{3D1FE101-9804-474D-9542-71B1AF72CC50}"
EndProject
Project("{2150E333-8FDC-42A3-9474-1A3956D46DE8}") = "LHC", "LHC", "{BB310E9F-41A3-4D71-BB2B-721FE37D333A}"
EndProject
Project("{D954291E-2A0B-460D-934E-DC6B0785DB48}") = "LHC.Core", "LHC.Core\LHC.Core.shproj", "{637035B0-9423-4C18-B6B5-5D68D4C2388F}"
EndProject
Project("{FAE04EC0-301F-11D3-BF4B-00C04F79EFBC}") = "LHC.KKS", "LHC.KKS\LHC.KKS.csproj", "{104379D4-EC00-4D0E-94B6-FF5C188DAE61}"
EndProject
Project("{FAE04EC0-301F-11D3-BF4B-00C04F79EFBC}") = "NonKoiTests", "NonKoiTests\NonKoiTests.csproj", "{36DFBEE7-5201-4A67-A8A6-7E6C9698E863}"
EndProject
Project("{2150E333-8FDC-42A3-9474-1A3956D46DE8}") = "KoiUpdater", "KoiUpdater", "{5B96BAAB-F034-4336-986B-780DF73E66C4}"
EndProject
Project("{FAE04EC0-301F-11D3-BF4B-00C04F79EFBC}") = "KoiUpdater.KKS", "KoiUpdater.KKS\KoiUpdater.KKS.csproj", "{8572DF67-4322-4F9C-9C2A-1AF8FC36709C}"
EndProject
Project("{D954291E-2A0B-460D-934E-DC6B0785DB48}") = "KoiUpdater.Shared", "KoiUpdater.Shared\KoiUpdater.Shared.shproj", "{637025B0-9423-4C18-B6B5-5D68D4C2388F}"
EndProject
Project("{FAE04EC0-301F-11D3-BF4B-00C04F79EFBC}") = "KoiUpdater.KK", "KoiUpdater.KK\KoiUpdater.KK.csproj", "{7FAE0EFB-EA25-4C09-8598-2DE4B792BDFE}"
EndProject
Project("{D954291E-2A0B-460D-934E-DC6B0785DB48}") = "Autumn.Shared", "Autumn.Shared\Autumn.Shared.shproj", "{D619A156-88FC-4BF5-93F0-5B7A6D9477A7}"
EndProject
Project("{2150E333-8FDC-42A3-9474-1A3956D46DE8}") = "Autumn", "Autumn", "{6827CF79-BC5B-467E-894A-36C62EE2A300}"
EndProject
Project("{FAE04EC0-301F-11D3-BF4B-00C04F79EFBC}") = "Autumn.KK", "Autumn.KK\Autumn.KK.csproj", "{89CC5475-CA62-4769-827B-EC38AA6A3148}"
EndProject
Project("{FAE04EC0-301F-11D3-BF4B-00C04F79EFBC}") = "Autumn.KKS", "Autumn.KKS\Autumn.KKS.csproj", "{DD94747B-F88C-4B07-A046-C134F2E31325}"
EndProject
Project("{FAE04EC0-301F-11D3-BF4B-00C04F79EFBC}") = "SmartRect.KKS", "SmartRect\SmartRect.KKS\SmartRect.KKS.csproj", "{84F705FC-D321-4B72-A487-992034C2B61C}"
EndProject
Project("{FAE04EC0-301F-11D3-BF4B-00C04F79EFBC}") = "SmartRect.KK", "SmartRect\SmartRect.KK\SmartRect.KK.csproj", "{C91DF2A5-B779-4D7A-9639-82EC78DDCE23}"
EndProject
Project("{FAE04EC0-301F-11D3-BF4B-00C04F79EFBC}") = "PrismaLib.KK", "PrismaLib\PrismaLib.KK\PrismaLib.KK.csproj", "{FE023B6C-D9D5-4DAE-B765-439626E8918D}"
EndProject
Project("{FAE04EC0-301F-11D3-BF4B-00C04F79EFBC}") = "PrismaLib.KKS", "PrismaLib\PrismaLib.KKS\PrismaLib.KKS.csproj", "{2AC16D89-0C26-45B2-893B-DFD3214B37EE}"
EndProject
Global
	GlobalSection(SolutionConfigurationPlatforms) = preSolution
		Debug|Any CPU = Debug|Any CPU
		Release|Any CPU = Release|Any CPU
	EndGlobalSection
	GlobalSection(ProjectConfigurationPlatforms) = postSolution
		{EA7B96BE-3290-4497-BAA9-B9B80C68C9A8}.Debug|Any CPU.ActiveCfg = Debug|Any CPU
		{EA7B96BE-3290-4497-BAA9-B9B80C68C9A8}.Debug|Any CPU.Build.0 = Debug|Any CPU
		{EA7B96BE-3290-4497-BAA9-B9B80C68C9A8}.Release|Any CPU.ActiveCfg = Release|Any CPU
		{EA7B96BE-3290-4497-BAA9-B9B80C68C9A8}.Release|Any CPU.Build.0 = Release|Any CPU
		{104379D4-EC00-4D0E-94B6-FF5C188DAE61}.Debug|Any CPU.ActiveCfg = Debug|Any CPU
		{104379D4-EC00-4D0E-94B6-FF5C188DAE61}.Debug|Any CPU.Build.0 = Debug|Any CPU
		{104379D4-EC00-4D0E-94B6-FF5C188DAE61}.Release|Any CPU.ActiveCfg = Release|Any CPU
		{104379D4-EC00-4D0E-94B6-FF5C188DAE61}.Release|Any CPU.Build.0 = Release|Any CPU
		{36DFBEE7-5201-4A67-A8A6-7E6C9698E863}.Debug|Any CPU.ActiveCfg = Debug|Any CPU
		{36DFBEE7-5201-4A67-A8A6-7E6C9698E863}.Debug|Any CPU.Build.0 = Debug|Any CPU
		{36DFBEE7-5201-4A67-A8A6-7E6C9698E863}.Release|Any CPU.ActiveCfg = Release|Any CPU
		{36DFBEE7-5201-4A67-A8A6-7E6C9698E863}.Release|Any CPU.Build.0 = Release|Any CPU
		{8572DF67-4322-4F9C-9C2A-1AF8FC36709C}.Debug|Any CPU.ActiveCfg = Debug|Any CPU
		{8572DF67-4322-4F9C-9C2A-1AF8FC36709C}.Debug|Any CPU.Build.0 = Debug|Any CPU
		{8572DF67-4322-4F9C-9C2A-1AF8FC36709C}.Release|Any CPU.ActiveCfg = Release|Any CPU
		{8572DF67-4322-4F9C-9C2A-1AF8FC36709C}.Release|Any CPU.Build.0 = Release|Any CPU
		{7FAE0EFB-EA25-4C09-8598-2DE4B792BDFE}.Debug|Any CPU.ActiveCfg = Debug|Any CPU
		{7FAE0EFB-EA25-4C09-8598-2DE4B792BDFE}.Debug|Any CPU.Build.0 = Debug|Any CPU
		{7FAE0EFB-EA25-4C09-8598-2DE4B792BDFE}.Release|Any CPU.ActiveCfg = Release|Any CPU
		{7FAE0EFB-EA25-4C09-8598-2DE4B792BDFE}.Release|Any CPU.Build.0 = Release|Any CPU
		{89CC5475-CA62-4769-827B-EC38AA6A3148}.Debug|Any CPU.ActiveCfg = Debug|Any CPU
		{89CC5475-CA62-4769-827B-EC38AA6A3148}.Debug|Any CPU.Build.0 = Debug|Any CPU
		{89CC5475-CA62-4769-827B-EC38AA6A3148}.Release|Any CPU.ActiveCfg = Release|Any CPU
		{89CC5475-CA62-4769-827B-EC38AA6A3148}.Release|Any CPU.Build.0 = Release|Any CPU
		{DD94747B-F88C-4B07-A046-C134F2E31325}.Debug|Any CPU.ActiveCfg = Debug|Any CPU
		{DD94747B-F88C-4B07-A046-C134F2E31325}.Debug|Any CPU.Build.0 = Debug|Any CPU
		{DD94747B-F88C-4B07-A046-C134F2E31325}.Release|Any CPU.ActiveCfg = Release|Any CPU
		{DD94747B-F88C-4B07-A046-C134F2E31325}.Release|Any CPU.Build.0 = Release|Any CPU
		{84F705FC-D321-4B72-A487-992034C2B61C}.Debug|Any CPU.ActiveCfg = Debug|Any CPU
		{84F705FC-D321-4B72-A487-992034C2B61C}.Debug|Any CPU.Build.0 = Debug|Any CPU
		{84F705FC-D321-4B72-A487-992034C2B61C}.Release|Any CPU.ActiveCfg = Release|Any CPU
		{84F705FC-D321-4B72-A487-992034C2B61C}.Release|Any CPU.Build.0 = Release|Any CPU
		{C91DF2A5-B779-4D7A-9639-82EC78DDCE23}.Debug|Any CPU.ActiveCfg = Debug|Any CPU
		{C91DF2A5-B779-4D7A-9639-82EC78DDCE23}.Debug|Any CPU.Build.0 = Debug|Any CPU
		{C91DF2A5-B779-4D7A-9639-82EC78DDCE23}.Release|Any CPU.ActiveCfg = Release|Any CPU
		{C91DF2A5-B779-4D7A-9639-82EC78DDCE23}.Release|Any CPU.Build.0 = Release|Any CPU
		{FE023B6C-D9D5-4DAE-B765-439626E8918D}.Debug|Any CPU.ActiveCfg = Debug|Any CPU
		{FE023B6C-D9D5-4DAE-B765-439626E8918D}.Debug|Any CPU.Build.0 = Debug|Any CPU
		{FE023B6C-D9D5-4DAE-B765-439626E8918D}.Release|Any CPU.ActiveCfg = Release|Any CPU
		{FE023B6C-D9D5-4DAE-B765-439626E8918D}.Release|Any CPU.Build.0 = Release|Any CPU
		{2AC16D89-0C26-45B2-893B-DFD3214B37EE}.Debug|Any CPU.ActiveCfg = Debug|Any CPU
		{2AC16D89-0C26-45B2-893B-DFD3214B37EE}.Debug|Any CPU.Build.0 = Debug|Any CPU
		{2AC16D89-0C26-45B2-893B-DFD3214B37EE}.Release|Any CPU.ActiveCfg = Release|Any CPU
		{2AC16D89-0C26-45B2-893B-DFD3214B37EE}.Release|Any CPU.Build.0 = Release|Any CPU
	EndGlobalSection
	GlobalSection(NestedProjects) = preSolution
		{EA73DC3F-69F1-4C8A-9FEA-BFC71C0DFC96} = {4A0355F5-BC12-4B92-9CF5-CD84F67FECDB}
		{F71ED830-1CC2-4E69-AB86-F846EBC72B86} = {287ACB5E-954A-496E-ADF6-A354ACAC98F5}
		{EA7B96BE-3290-4497-BAA9-B9B80C68C9A8} = {2C38817E-8237-4271-93BF-E4A3F44E3C05}
		{104379D4-EC00-4D0E-94B6-FF5C188DAE61} = {BB310E9F-41A3-4D71-BB2B-721FE37D333A}
		{8572DF67-4322-4F9C-9C2A-1AF8FC36709C} = {5B96BAAB-F034-4336-986B-780DF73E66C4}
		{3D1FE101-9804-474D-9542-71B1AF72CC50} = {2C38817E-8237-4271-93BF-E4A3F44E3C05}
		{637025B0-9423-4C18-B6B5-5D68D4C2388F} = {5B96BAAB-F034-4336-986B-780DF73E66C4}
		{7FAE0EFB-EA25-4C09-8598-2DE4B792BDFE} = {5B96BAAB-F034-4336-986B-780DF73E66C4}
		{D619A156-88FC-4BF5-93F0-5B7A6D9477A7} = {6827CF79-BC5B-467E-894A-36C62EE2A300}
		{637035B0-9423-4C18-B6B5-5D68D4C2388F} = {BB310E9F-41A3-4D71-BB2B-721FE37D333A}
		{89CC5475-CA62-4769-827B-EC38AA6A3148} = {6827CF79-BC5B-467E-894A-36C62EE2A300}
		{DD94747B-F88C-4B07-A046-C134F2E31325} = {6827CF79-BC5B-467E-894A-36C62EE2A300}
		{84F705FC-D321-4B72-A487-992034C2B61C} = {287ACB5E-954A-496E-ADF6-A354ACAC98F5}
		{C91DF2A5-B779-4D7A-9639-82EC78DDCE23} = {287ACB5E-954A-496E-ADF6-A354ACAC98F5}
		{FE023B6C-D9D5-4DAE-B765-439626E8918D} = {4A0355F5-BC12-4B92-9CF5-CD84F67FECDB}
		{2AC16D89-0C26-45B2-893B-DFD3214B37EE} = {4A0355F5-BC12-4B92-9CF5-CD84F67FECDB}
	EndGlobalSection
EndGlobal
